<?xml version="1.0" encoding="utf-8"?>
<Project ToolsVersion="4.0" xmlns="http://schemas.microsoft.com/developer/msbuild/2003">
  <ItemGroup>
    <Filter Include="Source Files">
      <UniqueIdentifier>{4FC737F1-C7A5-4376-A066-2A32D752A2FF}</UniqueIdentifier>
      <Extensions>cpp;c;cc;cxx;c++;cppm;ixx;def;odl;idl;hpj;bat;asm;asmx</Extensions>
    </Filter>
    <Filter Include="Header Files">
      <UniqueIdentifier>{93995380-89BD-4b04-88EB-625FBE52EBFB}</UniqueIdentifier>
      <Extensions>h;hh;hpp;hxx;h++;hm;inl;inc;ipp;xsd</Extensions>
    </Filter>
    <Filter Include="Resource Files">
      <UniqueIdentifier>{67DA6AB6-F800-4c08-8B7A-83BB121AAD01}</UniqueIdentifier>
      <Extensions>rc;ico;cur;bmp;dlg;rc2;rct;bin;rgs;gif;jpg;jpeg;jpe;resx;tiff;tif;png;wav;mfcribbon-ms</Extensions>
    </Filter>
  </ItemGroup>
  <ItemGroup>
    <ClCompile Include="src\Application.cpp">
      <Filter>Source Files</Filter>
    </ClCompile>
    <ClCompile Include="RenderDoc\RenderDocInitializer.cpp">
      <Filter>Source Files</Filter>
    </ClCompile>
    <ClCompile Include="src\ModelLoading\ObjFileReader.cpp">
      <Filter>Source Files</Filter>
    </ClCompile>
    <ClCompile Include="src\Abstraction\HighAbstraction\Camera.cpp">
      <Filter>Source Files</Filter>
    </ClCompile>
    <ClCompile Include="src\Abstraction\LowAbstraction\FrameBuffer.cpp">
      <Filter>Source Files</Filter>
    </ClCompile>
    <ClCompile Include="src\Abstraction\HighAbstraction\GameObject.cpp">
      <Filter>Source Files</Filter>
    </ClCompile>
    <ClCompile Include="src\Abstraction\LowAbstraction\IndexBuffer.cpp">
      <Filter>Source Files</Filter>
    </ClCompile>
    <ClCompile Include="src\Abstraction\HighAbstraction\Material.cpp">
      <Filter>Source Files</Filter>
    </ClCompile>
    <ClCompile Include="src\Abstraction\LowAbstraction\RenderBuffer.cpp">
      <Filter>Source Files</Filter>
    </ClCompile>
    <ClCompile Include="src\Abstraction\HighAbstraction\Renderer.cpp">
      <Filter>Source Files</Filter>
    </ClCompile>
    <ClCompile Include="src\Abstraction\LowAbstraction\Shader.cpp">
      <Filter>Source Files</Filter>
    </ClCompile>
    <ClCompile Include="src\Abstraction\LowAbstraction\TextureBuffer.cpp">
      <Filter>Source Files</Filter>
    </ClCompile>
    <ClCompile Include="src\Abstraction\LowAbstraction\VertexArray.cpp">
      <Filter>Source Files</Filter>
    </ClCompile>
    <ClCompile Include="src\Abstraction\LowAbstraction\VertexBuffer.cpp">
      <Filter>Source Files</Filter>
    </ClCompile>
    <ClCompile Include="src\Abstraction\LowAbstraction\ShaderStorageBufferObject.cpp">
      <Filter>Source Files</Filter>
    </ClCompile>
    <ClCompile Include="src\Misc\Utils.cpp">
      <Filter>Source Files</Filter>
    </ClCompile>
  </ItemGroup>
  <ItemGroup>
    <None Include="assets\Shaders\VertexShader.vert" />
    <None Include="assets\Shaders\FragmentShader.frag" />
    <None Include="assets\Shaders\ScreenShader.vert" />
    <None Include="assets\Shaders\ScreenShader.frag" />
    <None Include="assets\Shaders\HorizontalSS.frag" />
    <None Include="assets\Shaders\HorizontalSS.vert" />
    <None Include="assets\Shaders\VerticalSS.frag" />
    <None Include="assets\Shaders\VerticalSS.vert" />
  </ItemGroup>
  <ItemGroup>
    <ClInclude Include="src\Application.h">
      <Filter>Header Files</Filter>
    </ClInclude>
    <ClInclude Include="src\ModelLoading\ObjFileReader.h">
      <Filter>Header Files</Filter>
    </ClInclude>
    <ClInclude Include="src\Abstraction\HighAbstraction\Light.h">
      <Filter>Header Files</Filter>
    </ClInclude>
    <ClInclude Include="src\Abstraction\HighAbstraction\Camera.h">
      <Filter>Header Files</Filter>
    </ClInclude>
    <ClInclude Include="src\Abstraction\LowAbstraction\FrameBuffer.h">
      <Filter>Header Files</Filter>
    </ClInclude>
    <ClInclude Include="src\Abstraction\HighAbstraction\GameObject.h">
      <Filter>Header Files</Filter>
    </ClInclude>
    <ClInclude Include="src\Abstraction\LowAbstraction\IndexBuffer.h">
      <Filter>Header Files</Filter>
    </ClInclude>
    <ClInclude Include="src\Abstraction\HighAbstraction\Material.h">
      <Filter>Header Files</Filter>
    </ClInclude>
    <ClInclude Include="src\Abstraction\HighAbstraction\Mesh.h">
      <Filter>Header Files</Filter>
    </ClInclude>
    <ClInclude Include="src\Abstraction\LowAbstraction\RenderBuffer.h">
      <Filter>Header Files</Filter>
    </ClInclude>
    <ClInclude Include="src\Abstraction\HighAbstraction\Renderer.h">
      <Filter>Header Files</Filter>
    </ClInclude>
    <ClInclude Include="src\Abstraction\HighAbstraction\RenderObject.h">
      <Filter>Header Files</Filter>
    </ClInclude>
    <ClInclude Include="src\Abstraction\HighAbstraction\Scene.h">
      <Filter>Header Files</Filter>
    </ClInclude>
    <ClInclude Include="src\Abstraction\LowAbstraction\Shader.h">
      <Filter>Header Files</Filter>
    </ClInclude>
    <ClInclude Include="src\Abstraction\LowAbstraction\TextureBuffer.h">
      <Filter>Header Files</Filter>
    </ClInclude>
    <ClInclude Include="src\Abstraction\LowAbstraction\VertexArray.h">
      <Filter>Header Files</Filter>
    </ClInclude>
    <ClInclude Include="src\Abstraction\LowAbstraction\VertexBuffer.h">
      <Filter>Header Files</Filter>
    </ClInclude>
    <ClInclude Include="src\Abstraction\LowAbstraction\VertexBufferLayout.h">
      <Filter>Header Files</Filter>
    </ClInclude>
    <ClInclude Include="src\Abstraction\LowAbstraction\ShaderStorageBufferObject.h">
      <Filter>Header Files</Filter>
    </ClInclude>
    <ClInclude Include="src\Misc\Utils.h">
      <Filter>Header Files</Filter>
    </ClInclude>
  </ItemGroup>
</Project>